
Microsoft Visual Studio Solution File, Format Version 12.00
# Visual Studio 15
Project("{FAE04EC0-301F-11D3-BF4B-00C04F79EFBC}") = "Assembly-CSharp", "Assembly-CSharp.csproj", "{937451D9-3B42-5D69-610D-2EB7E423CE09}"
EndProject
Project("{FAE04EC0-301F-11D3-BF4B-00C04F79EFBC}") = "Unity.XR.Interaction.Toolkit.Samples.StarterAssets", "Unity.XR.Interaction.Toolkit.Samples.StarterAssets.csproj", "{C6F5BFA3-0731-43B2-6077-AEC189432538}"
EndProject
Project("{FAE04EC0-301F-11D3-BF4B-00C04F79EFBC}") = "Unity.XR.Interaction.Toolkit.Samples.ARStarterAssets", "Unity.XR.Interaction.Toolkit.Samples.ARStarterAssets.csproj", "{0E722EF8-15F5-7F78-AE8A-30E7C173669A}"
EndProject
Project("{FAE04EC0-301F-11D3-BF4B-00C04F79EFBC}") = "Unity.XR.Interaction.Toolkit.Samples.StarterAssets.Editor", "Unity.XR.Interaction.Toolkit.Samples.StarterAssets.Editor.csproj", "{066CD0EB-D064-C03C-290B-FBCED6C0EE80}"
EndProject
Project("{FAE04EC0-301F-11D3-BF4B-00C04F79EFBC}") = "Unity.XR.Interaction.Toolkit.Samples.ARStarterAssets.Editor", "Unity.XR.Interaction.Toolkit.Samples.ARStarterAssets.Editor.csproj", "{13B6CF00-C1D9-EF03-A731-03726697696B}"
EndProject
Project("{FAE04EC0-301F-11D3-BF4B-00C04F79EFBC}") = "Assembly-CSharp-Editor", "Assembly-CSharp-Editor.csproj", "{CE9E8006-EC84-CA6F-15B1-2B283E27BB84}"
EndProject
Global
	GlobalSection(SolutionConfigurationPlatforms) = preSolution
		Debug|Any CPU = Debug|Any CPU
		Release|Any CPU = Release|Any CPU
	EndGlobalSection
	GlobalSection(ProjectConfigurationPlatforms) = postSolution
		{937451D9-3B42-5D69-610D-2EB7E423CE09}.Debug|Any CPU.ActiveCfg = Debug|Any CPU
		{937451D9-3B42-5D69-610D-2EB7E423CE09}.Debug|Any CPU.Build.0 = Debug|Any CPU
		{937451D9-3B42-5D69-610D-2EB7E423CE09}.Release|Any CPU.ActiveCfg = Release|Any CPU
		{937451D9-3B42-5D69-610D-2EB7E423CE09}.Release|Any CPU.Build.0 = Release|Any CPU
		{C6F5BFA3-0731-43B2-6077-AEC189432538}.Debug|Any CPU.ActiveCfg = Debug|Any CPU
		{C6F5BFA3-0731-43B2-6077-AEC189432538}.Debug|Any CPU.Build.0 = Debug|Any CPU
		{C6F5BFA3-0731-43B2-6077-AEC189432538}.Release|Any CPU.ActiveCfg = Release|Any CPU
		{C6F5BFA3-0731-43B2-6077-AEC189432538}.Release|Any CPU.Build.0 = Release|Any CPU
		{0E722EF8-15F5-7F78-AE8A-30E7C173669A}.Debug|Any CPU.ActiveCfg = Debug|Any CPU
		{0E722EF8-15F5-7F78-AE8A-30E7C173669A}.Debug|Any CPU.Build.0 = Debug|Any CPU
		{0E722EF8-15F5-7F78-AE8A-30E7C173669A}.Release|Any CPU.ActiveCfg = Release|Any CPU
		{0E722EF8-15F5-7F78-AE8A-30E7C173669A}.Release|Any CPU.Build.0 = Release|Any CPU
		{066CD0EB-D064-C03C-290B-FBCED6C0EE80}.Debug|Any CPU.ActiveCfg = Debug|Any CPU
		{066CD0EB-D064-C03C-290B-FBCED6C0EE80}.Debug|Any CPU.Build.0 = Debug|Any CPU
		{066CD0EB-D064-C03C-290B-FBCED6C0EE80}.Release|Any CPU.ActiveCfg = Release|Any CPU
		{066CD0EB-D064-C03C-290B-FBCED6C0EE80}.Release|Any CPU.Build.0 = Release|Any CPU
		{13B6CF00-C1D9-EF03-A731-03726697696B}.Debug|Any CPU.ActiveCfg = Debug|Any CPU
		{13B6CF00-C1D9-EF03-A731-03726697696B}.Debug|Any CPU.Build.0 = Debug|Any CPU
		{13B6CF00-C1D9-EF03-A731-03726697696B}.Release|Any CPU.ActiveCfg = Release|Any CPU
		{13B6CF00-C1D9-EF03-A731-03726697696B}.Release|Any CPU.Build.0 = Release|Any CPU
		{CE9E8006-EC84-CA6F-15B1-2B283E27BB84}.Debug|Any CPU.ActiveCfg = Debug|Any CPU
		{CE9E8006-EC84-CA6F-15B1-2B283E27BB84}.Debug|Any CPU.Build.0 = Debug|Any CPU
		{CE9E8006-EC84-CA6F-15B1-2B283E27BB84}.Release|Any CPU.ActiveCfg = Release|Any CPU
		{CE9E8006-EC84-CA6F-15B1-2B283E27BB84}.Release|Any CPU.Build.0 = Release|Any CPU
	EndGlobalSection
	GlobalSection(SolutionProperties) = preSolution
		HideSolutionNode = FALSE
	EndGlobalSection
EndGlobal
